{
  "name": "bf1morse-api",
  "lockfileVersion": 2,
  "requires": true,
  "packages": {
    "": {
      "dependencies": {
        "@metrichor/jmespath": "^0.3.1"
      },
      "devDependencies": {
        "@cloudflare/workers-types": "^4.20230404.0"
      }
    },
    "node_modules/@cloudflare/workers-types": {
      "version": "4.20230404.0",
      "resolved": "https://registry.npmjs.org/@cloudflare/workers-types/-/workers-types-4.20230404.0.tgz",
      "integrity": "sha512-fG3oaJX1icfsGV74nhx1+AC6opvZsGqnpx6FvrcVqQaBmCNkjKNqDRFrpasXWFiOIvysBXHKQAzsAJkBZgnM+A==",
      "dev": true
    },
    "node_modules/@metrichor/jmespath": {
      "version": "0.3.1",
      "resolved": "https://registry.npmjs.org/@metrichor/jmespath/-/jmespath-0.3.1.tgz",
      "integrity": "sha512-X/S90FG+VlEWGNEptEpZ15QN7h9aRhdOZm3yjE4lHItig8lSpJbmYDqAPo3iKc4CjUGfUSv4z+VhKrFw6iHBMg==",
      "engines": {
        "node": ">=10.0.0"
      }
    }
  },
  "dependencies": {
    "@cloudflare/workers-types": {
      "version": "4.20230404.0",
      "resolved": "https://registry.npmjs.org/@cloudflare/workers-types/-/workers-types-4.20230404.0.tgz",
      "integrity": "sha512-fG3oaJX1icfsGV74nhx1+AC6opvZsGqnpx6FvrcVqQaBmCNkjKNqDRFrpasXWFiOIvysBXHKQAzsAJkBZgnM+A==",
      "dev": true
    },
    "@metrichor/jmespath": {
      "version": "0.3.1",
      "resolved": "https://registry.npmjs.org/@metrichor/jmespath/-/jmespath-0.3.1.tgz",
      "integrity": "sha512-X/S90FG+VlEWGNEptEpZ15QN7h9aRhdOZm3yjE4lHItig8lSpJbmYDqAPo3iKc4CjUGfUSv4z+VhKrFw6iHBMg=="
    }
  }
}
